// !$*UTF8*$!
{
	archiveVersion = 1;
	classes = {
	};
	objectVersion = 55;
	objects = {

/* Begin PBXBuildFile section */
		3327C7102A0BE3AE00472C69 /* AppDelegate.swift in Sources */ = {isa = PBXBuildFile; fileRef = 3327C70F2A0BE3AE00472C69 /* AppDelegate.swift */; };
		3327C7122A0BE3AE00472C69 /* SceneDelegate.swift in Sources */ = {isa = PBXBuildFile; fileRef = 3327C7112A0BE3AE00472C69 /* SceneDelegate.swift */; };
		3327C7142A0BE3AE00472C69 /* ViewController.swift in Sources */ = {isa = PBXBuildFile; fileRef = 3327C7132A0BE3AE00472C69 /* ViewController.swift */; };
		3327C7172A0BE3AE00472C69 /* Main.storyboard in Resources */ = {isa = PBXBuildFile; fileRef = 3327C7152A0BE3AE00472C69 /* Main.storyboard */; };
		3327C7192A0BE3AF00472C69 /* Assets.xcassets in Resources */ = {isa = PBXBuildFile; fileRef = 3327C7182A0BE3AF00472C69 /* Assets.xcassets */; };
		3327C71C2A0BE3AF00472C69 /* LaunchScreen.storyboard in Resources */ = {isa = PBXBuildFile; fileRef = 3327C71A2A0BE3AF00472C69 /* LaunchScreen.storyboard */; };
		3345BE7B2A0D39370001E450 /* OperationViewController.swift in Sources */ = {isa = PBXBuildFile; fileRef = 3345BE7A2A0D39370001E450 /* OperationViewController.swift */; };
		3345BE812A0D58B20001E450 /* AdditionViewController.swift in Sources */ = {isa = PBXBuildFile; fileRef = 3345BE802A0D58B20001E450 /* AdditionViewController.swift */; };
		3345BE832A0D58E70001E450 /* SubtractionViewController.swift in Sources */ = {isa = PBXBuildFile; fileRef = 3345BE822A0D58E70001E450 /* SubtractionViewController.swift */; };
		3345BE852A0D58F60001E450 /* MultiplicationViewController.swift in Sources */ = {isa = PBXBuildFile; fileRef = 3345BE842A0D58F60001E450 /* MultiplicationViewController.swift */; };
		3345BE872A0D59020001E450 /* DivisionViewController.swift in Sources */ = {isa = PBXBuildFile; fileRef = 3345BE862A0D59020001E450 /* DivisionViewController.swift */; };
		33510E9C2A1FABE8007EBE05 /* Messages.swift in Sources */ = {isa = PBXBuildFile; fileRef = 33510E9B2A1FABE8007EBE05 /* Messages.swift */; };
		33CDA0D12A1BCE24001510A6 /* TextField.swift in Sources */ = {isa = PBXBuildFile; fileRef = 33CDA0D02A1BCE24001510A6 /* TextField.swift */; };
/* End PBXBuildFile section */

/* Begin PBXFileReference section */
		3327C70C2A0BE3AE00472C69 /* Arithmica.app */ = {isa = PBXFileReference; explicitFileType = wrapper.application; includeInIndex = 0; path = Arithmica.app; sourceTree = BUILT_PRODUCTS_DIR; };
		3327C70F2A0BE3AE00472C69 /* AppDelegate.swift */ = {isa = PBXFileReference; lastKnownFileType = sourcecode.swift; path = AppDelegate.swift; sourceTree = "<group>"; };
		3327C7112A0BE3AE00472C69 /* SceneDelegate.swift */ = {isa = PBXFileReference; lastKnownFileType = sourcecode.swift; path = SceneDelegate.swift; sourceTree = "<group>"; };
		3327C7132A0BE3AE00472C69 /* ViewController.swift */ = {isa = PBXFileReference; lastKnownFileType = sourcecode.swift; path = ViewController.swift; sourceTree = "<group>"; };
		3327C7162A0BE3AE00472C69 /* Base */ = {isa = PBXFileReference; lastKnownFileType = file.storyboard; name = Base; path = Base.lproj/Main.storyboard; sourceTree = "<group>"; };
		3327C7182A0BE3AF00472C69 /* Assets.xcassets */ = {isa = PBXFileReference; lastKnownFileType = folder.assetcatalog; path = Assets.xcassets; sourceTree = "<group>"; };
		3327C71B2A0BE3AF00472C69 /* Base */ = {isa = PBXFileReference; lastKnownFileType = file.storyboard; name = Base; path = Base.lproj/LaunchScreen.storyboard; sourceTree = "<group>"; };
		3327C71D2A0BE3AF00472C69 /* Info.plist */ = {isa = PBXFileReference; lastKnownFileType = text.plist.xml; path = Info.plist; sourceTree = "<group>"; };
		3345BE7A2A0D39370001E450 /* OperationViewController.swift */ = {isa = PBXFileReference; lastKnownFileType = sourcecode.swift; path = OperationViewController.swift; sourceTree = "<group>"; };
		3345BE802A0D58B20001E450 /* AdditionViewController.swift */ = {isa = PBXFileReference; lastKnownFileType = sourcecode.swift; path = AdditionViewController.swift; sourceTree = "<group>"; };
		3345BE822A0D58E70001E450 /* SubtractionViewController.swift */ = {isa = PBXFileReference; lastKnownFileType = sourcecode.swift; path = SubtractionViewController.swift; sourceTree = "<group>"; };
		3345BE842A0D58F60001E450 /* MultiplicationViewController.swift */ = {isa = PBXFileReference; lastKnownFileType = sourcecode.swift; path = MultiplicationViewController.swift; sourceTree = "<group>"; };
		3345BE862A0D59020001E450 /* DivisionViewController.swift */ = {isa = PBXFileReference; lastKnownFileType = sourcecode.swift; path = DivisionViewController.swift; sourceTree = "<group>"; };
		33510E9B2A1FABE8007EBE05 /* Messages.swift */ = {isa = PBXFileReference; lastKnownFileType = sourcecode.swift; path = Messages.swift; sourceTree = "<group>"; };
		33CDA0D02A1BCE24001510A6 /* TextField.swift */ = {isa = PBXFileReference; lastKnownFileType = sourcecode.swift; path = TextField.swift; sourceTree = "<group>"; };
/* End PBXFileReference section */

/* Begin PBXFrameworksBuildPhase section */
		3327C7092A0BE3AE00472C69 /* Frameworks */ = {
			isa = PBXFrameworksBuildPhase;
			buildActionMask = 2147483647;
			files = (
			);
			runOnlyForDeploymentPostprocessing = 0;
		};
/* End PBXFrameworksBuildPhase section */

/* Begin PBXGroup section */
		3327C7032A0BE3AE00472C69 = {
			isa = PBXGroup;
			children = (
				3327C70E2A0BE3AE00472C69 /* Arithmica */,
				3327C70D2A0BE3AE00472C69 /* Products */,
			);
			sourceTree = "<group>";
		};
		3327C70D2A0BE3AE00472C69 /* Products */ = {
			isa = PBXGroup;
			children = (
				3327C70C2A0BE3AE00472C69 /* Arithmica.app */,
			);
			name = Products;
			sourceTree = "<group>";
		};
		3327C70E2A0BE3AE00472C69 /* Arithmica */ = {
			isa = PBXGroup;
			children = (
				3327C70F2A0BE3AE00472C69 /* AppDelegate.swift */,
				3327C7112A0BE3AE00472C69 /* SceneDelegate.swift */,
				3327C7132A0BE3AE00472C69 /* ViewController.swift */,
				3345BE7A2A0D39370001E450 /* OperationViewController.swift */,
				3345BE802A0D58B20001E450 /* AdditionViewController.swift */,
				3345BE822A0D58E70001E450 /* SubtractionViewController.swift */,
				3345BE842A0D58F60001E450 /* MultiplicationViewController.swift */,
				3345BE862A0D59020001E450 /* DivisionViewController.swift */,
				33CDA0D02A1BCE24001510A6 /* TextField.swift */,
				33510E9B2A1FABE8007EBE05 /* Messages.swift */,
				3327C7152A0BE3AE00472C69 /* Main.storyboard */,
				3327C7182A0BE3AF00472C69 /* Assets.xcassets */,
				3327C71A2A0BE3AF00472C69 /* LaunchScreen.storyboard */,
				3327C71D2A0BE3AF00472C69 /* Info.plist */,
			);
			path = Arithmica;
			sourceTree = "<group>";
		};
/* End PBXGroup section */

/* Begin PBXNativeTarget section */
		3327C70B2A0BE3AE00472C69 /* Arithmica */ = {
			isa = PBXNativeTarget;
			buildConfigurationList = 3327C7202A0BE3AF00472C69 /* Build configuration list for PBXNativeTarget "Arithmica" */;
			buildPhases = (
				3327C7082A0BE3AE00472C69 /* Sources */,
				3327C7092A0BE3AE00472C69 /* Frameworks */,
				3327C70A2A0BE3AE00472C69 /* Resources */,
			);
			buildRules = (
			);
			dependencies = (
			);
			name = Arithmica;
			productName = Arithmica;
			productReference = 3327C70C2A0BE3AE00472C69 /* Arithmica.app */;
			productType = "com.apple.product-type.application";
		};
/* End PBXNativeTarget section */

/* Begin PBXProject section */
		3327C7042A0BE3AE00472C69 /* Project object */ = {
			isa = PBXProject;
			attributes = {
				BuildIndependentTargetsInParallel = 1;
				LastSwiftUpdateCheck = 1320;
				LastUpgradeCheck = 1500;
				TargetAttributes = {
					3327C70B2A0BE3AE00472C69 = {
						CreatedOnToolsVersion = 13.2.1;
					};
				};
			};
			buildConfigurationList = 3327C7072A0BE3AE00472C69 /* Build configuration list for PBXProject "Arithmica" */;
			compatibilityVersion = "Xcode 13.0";
			developmentRegion = en;
			hasScannedForEncodings = 0;
			knownRegions = (
				en,
				Base,
			);
			mainGroup = 3327C7032A0BE3AE00472C69;
			productRefGroup = 3327C70D2A0BE3AE00472C69 /* Products */;
			projectDirPath = "";
			projectRoot = "";
			targets = (
				3327C70B2A0BE3AE00472C69 /* Arithmica */,
			);
		};
/* End PBXProject section */

/* Begin PBXResourcesBuildPhase section */
		3327C70A2A0BE3AE00472C69 /* Resources */ = {
			isa = PBXResourcesBuildPhase;
			buildActionMask = 2147483647;
			files = (
				3327C71C2A0BE3AF00472C69 /* LaunchScreen.storyboard in Resources */,
				3327C7192A0BE3AF00472C69 /* Assets.xcassets in Resources */,
				3327C7172A0BE3AE00472C69 /* Main.storyboard in Resources */,
			);
			runOnlyForDeploymentPostprocessing = 0;
		};
/* End PBXResourcesBuildPhase section */

/* Begin PBXSourcesBuildPhase section */
		3327C7082A0BE3AE00472C69 /* Sources */ = {
			isa = PBXSourcesBuildPhase;
			buildActionMask = 2147483647;
			files = (
				3345BE812A0D58B20001E450 /* AdditionViewController.swift in Sources */,
				3345BE832A0D58E70001E450 /* SubtractionViewController.swift in Sources */,
				3345BE852A0D58F60001E450 /* MultiplicationViewController.swift in Sources */,
				3345BE7B2A0D39370001E450 /* OperationViewController.swift in Sources */,
				3327C7142A0BE3AE00472C69 /* ViewController.swift in Sources */,
				3327C7102A0BE3AE00472C69 /* AppDelegate.swift in Sources */,
				33CDA0D12A1BCE24001510A6 /* TextField.swift in Sources */,
				33510E9C2A1FABE8007EBE05 /* Messages.swift in Sources */,
				3345BE872A0D59020001E450 /* DivisionViewController.swift in Sources */,
				3327C7122A0BE3AE00472C69 /* SceneDelegate.swift in Sources */,
			);
			runOnlyForDeploymentPostprocessing = 0;
		};
/* End PBXSourcesBuildPhase section */

/* Begin PBXVariantGroup section */
		3327C7152A0BE3AE00472C69 /* Main.storyboard */ = {
			isa = PBXVariantGroup;
			children = (
				3327C7162A0BE3AE00472C69 /* Base */,
			);
			name = Main.storyboard;
			sourceTree = "<group>";
		};
		3327C71A2A0BE3AF00472C69 /* LaunchScreen.storyboard */ = {
			isa = PBXVariantGroup;
			children = (
				3327C71B2A0BE3AF00472C69 /* Base */,
			);
			name = LaunchScreen.storyboard;
			sourceTree = "<group>";
		};
/* End PBXVariantGroup section */

/* Begin XCBuildConfiguration section */
		3327C71E2A0BE3AF00472C69 /* Debug */ = {
			isa = XCBuildConfiguration;
			buildSettings = {
				ALWAYS_SEARCH_USER_PATHS = NO;
				CLANG_ANALYZER_NONNULL = YES;
				CLANG_ANALYZER_NUMBER_OBJECT_CONVERSION = YES_AGGRESSIVE;
				CLANG_CXX_LANGUAGE_STANDARD = "gnu++17";
				CLANG_CXX_LIBRARY = "libc++";
				CLANG_ENABLE_MODULES = YES;
				CLANG_ENABLE_OBJC_ARC = YES;
				CLANG_ENABLE_OBJC_WEAK = YES;
				CLANG_WARN_BLOCK_CAPTURE_AUTORELEASING = YES;
				CLANG_WARN_BOOL_CONVERSION = YES;
				CLANG_WARN_COMMA = YES;
				CLANG_WARN_CONSTANT_CONVERSION = YES;
				CLANG_WARN_DEPRECATED_OBJC_IMPLEMENTATIONS = YES;
				CLANG_WARN_DIRECT_OBJC_ISA_USAGE = YES_ERROR;
				CLANG_WARN_DOCUMENTATION_COMMENTS = YES;
				CLANG_WARN_EMPTY_BODY = YES;
				CLANG_WARN_ENUM_CONVERSION = YES;
				CLANG_WARN_INFINITE_RECURSION = YES;
				CLANG_WARN_INT_CONVERSION = YES;
				CLANG_WARN_NON_LITERAL_NULL_CONVERSION = YES;
				CLANG_WARN_OBJC_IMPLICIT_RETAIN_SELF = YES;
				CLANG_WARN_OBJC_LITERAL_CONVERSION = YES;
				CLANG_WARN_OBJC_ROOT_CLASS = YES_ERROR;
				CLANG_WARN_QUOTED_INCLUDE_IN_FRAMEWORK_HEADER = YES;
				CLANG_WARN_RANGE_LOOP_ANALYSIS = YES;
				CLANG_WARN_STRICT_PROTOTYPES = YES;
				CLANG_WARN_SUSPICIOUS_MOVE = YES;
				CLANG_WARN_UNGUARDED_AVAILABILITY = YES_AGGRESSIVE;
				CLANG_WARN_UNREACHABLE_CODE = YES;
				CLANG_WARN__DUPLICATE_METHOD_MATCH = YES;
				COPY_PHASE_STRIP = NO;
				DEBUG_INFORMATION_FORMAT = dwarf;
				ENABLE_STRICT_OBJC_MSGSEND = YES;
				ENABLE_TESTABILITY = YES;
				ENABLE_USER_SCRIPT_SANDBOXING = YES;
				GCC_C_LANGUAGE_STANDARD = gnu11;
				GCC_DYNAMIC_NO_PIC = NO;
				GCC_NO_COMMON_BLOCKS = YES;
				GCC_OPTIMIZATION_LEVEL = 0;
				GCC_PREPROCESSOR_DEFINITIONS = (
					"DEBUG=1",
					"$(inherited)",
				);
				GCC_WARN_64_TO_32_BIT_CONVERSION = YES;
				GCC_WARN_ABOUT_RETURN_TYPE = YES_ERROR;
				GCC_WARN_UNDECLARED_SELECTOR = YES;
				GCC_WARN_UNINITIALIZED_AUTOS = YES_AGGRESSIVE;
				GCC_WARN_UNUSED_FUNCTION = YES;
				GCC_WARN_UNUSED_VARIABLE = YES;
				IPHONEOS_DEPLOYMENT_TARGET = 15.2;
				MTL_ENABLE_DEBUG_INFO = INCLUDE_SOURCE;
				MTL_FAST_MATH = YES;
				ONLY_ACTIVE_ARCH = YES;
				SDKROOT = iphoneos;
				SWIFT_ACTIVE_COMPILATION_CONDITIONS = DEBUG;
				SWIFT_OPTIMIZATION_LEVEL = "-Onone";
			};
			name = Debug;
		};
		3327C71F2A0BE3AF00472C69 /* Release */ = {
			isa = XCBuildConfiguration;
			buildSettings = {
				ALWAYS_SEARCH_USER_PATHS = NO;
				CLANG_ANALYZER_NONNULL = YES;
				CLANG_ANALYZER_NUMBER_OBJECT_CONVERSION = YES_AGGRESSIVE;
				CLANG_CXX_LANGUAGE_STANDARD = "gnu++17";
				CLANG_CXX_LIBRARY = "libc++";
				CLANG_ENABLE_MODULES = YES;
				CLANG_ENABLE_OBJC_ARC = YES;
				CLANG_ENABLE_OBJC_WEAK = YES;
				CLANG_WARN_BLOCK_CAPTURE_AUTORELEASING = YES;
				CLANG_WARN_BOOL_CONVERSION = YES;
				CLANG_WARN_COMMA = YES;
				CLANG_WARN_CONSTANT_CONVERSION = YES;
				CLANG_WARN_DEPRECATED_OBJC_IMPLEMENTATIONS = YES;
				CLANG_WARN_DIRECT_OBJC_ISA_USAGE = YES_ERROR;
				CLANG_WARN_DOCUMENTATION_COMMENTS = YES;
				CLANG_WARN_EMPTY_BODY = YES;
				CLANG_WARN_ENUM_CONVERSION = YES;
				CLANG_WARN_INFINITE_RECURSION = YES;
				CLANG_WARN_INT_CONVERSION = YES;
				CLANG_WARN_NON_LITERAL_NULL_CONVERSION = YES;
				CLANG_WARN_OBJC_IMPLICIT_RETAIN_SELF = YES;
				CLANG_WARN_OBJC_LITERAL_CONVERSION = YES;
				CLANG_WARN_OBJC_ROOT_CLASS = YES_ERROR;
				CLANG_WARN_QUOTED_INCLUDE_IN_FRAMEWORK_HEADER = YES;
				CLANG_WARN_RANGE_LOOP_ANALYSIS = YES;
				CLANG_WARN_STRICT_PROTOTYPES = YES;
				CLANG_WARN_SUSPICIOUS_MOVE = YES;
				CLANG_WARN_UNGUARDED_AVAILABILITY = YES_AGGRESSIVE;
				CLANG_WARN_UNREACHABLE_CODE = YES;
				CLANG_WARN__DUPLICATE_METHOD_MATCH = YES;
				COPY_PHASE_STRIP = NO;
				DEBUG_INFORMATION_FORMAT = "dwarf-with-dsym";
				ENABLE_NS_ASSERTIONS = NO;
				ENABLE_STRICT_OBJC_MSGSEND = YES;
				ENABLE_USER_SCRIPT_SANDBOXING = YES;
				GCC_C_LANGUAGE_STANDARD = gnu11;
				GCC_NO_COMMON_BLOCKS = YES;
				GCC_WARN_64_TO_32_BIT_CONVERSION = YES;
				GCC_WARN_ABOUT_RETURN_TYPE = YES_ERROR;
				GCC_WARN_UNDECLARED_SELECTOR = YES;
				GCC_WARN_UNINITIALIZED_AUTOS = YES_AGGRESSIVE;
				GCC_WARN_UNUSED_FUNCTION = YES;
				GCC_WARN_UNUSED_VARIABLE = YES;
				IPHONEOS_DEPLOYMENT_TARGET = 15.2;
				MTL_ENABLE_DEBUG_INFO = NO;
				MTL_FAST_MATH = YES;
				SDKROOT = iphoneos;
				SWIFT_COMPILATION_MODE = wholemodule;
				SWIFT_OPTIMIZATION_LEVEL = "-O";
				VALIDATE_PRODUCT = YES;
			};
			name = Release;
		};
		3327C7212A0BE3AF00472C69 /* Debug */ = {
			isa = XCBuildConfiguration;
			buildSettings = {
				ASSETCATALOG_COMPILER_APPICON_NAME = AppIcon;
				ASSETCATALOG_COMPILER_GLOBAL_ACCENT_COLOR_NAME = AccentColor;
				CODE_SIGN_STYLE = Automatic;
				CURRENT_PROJECT_VERSION = 1;
				DEVELOPMENT_TEAM = Y8KB56VYK9;
				GENERATE_INFOPLIST_FILE = YES;
				INFOPLIST_FILE = Arithmica/Info.plist;
				INFOPLIST_KEY_UIApplicationSupportsIndirectInputEvents = YES;
				INFOPLIST_KEY_UILaunchStoryboardName = LaunchScreen;
				INFOPLIST_KEY_UIMainStoryboardFile = Main;
				INFOPLIST_KEY_UISupportedInterfaceOrientations_iPad = "UIInterfaceOrientationPortrait UIInterfaceOrientationPortraitUpsideDown UIInterfaceOrientationLandscapeLeft UIInterfaceOrientationLandscapeRight";
				INFOPLIST_KEY_UISupportedInterfaceOrientations_iPhone = "UIInterfaceOrientationPortrait UIInterfaceOrientationLandscapeLeft UIInterfaceOrientationLandscapeRight";
				LD_RUNPATH_SEARCH_PATHS = (
					"$(inherited)",
					"@executable_path/Frameworks",
				);
				MARKETING_VERSION = 1.0;
				PRODUCT_BUNDLE_IDENTIFIER = com.Brendan.Arithmica;
				PRODUCT_NAME = "$(TARGET_NAME)";
				SWIFT_EMIT_LOC_STRINGS = YES;
				SWIFT_VERSION = 5.0;
				TARGETED_DEVICE_FAMILY = "1,2";
			};
			name = Debug;
		};
		3327C7222A0BE3AF00472C69 /* Release */ = {
			isa = XCBuildConfiguration;
			buildSettings = {
				ASSETCATALOG_COMPILER_APPICON_NAME = AppIcon;
				ASSETCATALOG_COMPILER_GLOBAL_ACCENT_COLOR_NAME = AccentColor;
				CODE_SIGN_STYLE = Automatic;
				CURRENT_PROJECT_VERSION = 1;
				DEVELOPMENT_TEAM = Y8KB56VYK9;
				GENERATE_INFOPLIST_FILE = YES;
				INFOPLIST_FILE = Arithmica/Info.plist;
				INFOPLIST_KEY_UIApplicationSupportsIndirectInputEvents = YES;
				INFOPLIST_KEY_UILaunchStoryboardName = LaunchScreen;
				INFOPLIST_KEY_UIMainStoryboardFile = Main;
				INFOPLIST_KEY_UISupportedInterfaceOrientations_iPad = "UIInterfaceOrientationPortrait UIInterfaceOrientationPortraitUpsideDown UIInterfaceOrientationLandscapeLeft UIInterfaceOrientationLandscapeRight";
				INFOPLIST_KEY_UISupportedInterfaceOrientations_iPhone = "UIInterfaceOrientationPortrait UIInterfaceOrientationLandscapeLeft UIInterfaceOrientationLandscapeRight";
				LD_RUNPATH_SEARCH_PATHS = (
					"$(inherited)",
					"@executable_path/Frameworks",
				);
				MARKETING_VERSION = 1.0;
				PRODUCT_BUNDLE_IDENTIFIER = com.Brendan.Arithmica;
				PRODUCT_NAME = "$(TARGET_NAME)";
				SWIFT_EMIT_LOC_STRINGS = YES;
				SWIFT_VERSION = 5.0;
				TARGETED_DEVICE_FAMILY = "1,2";
			};
			name = Release;
		};
/* End XCBuildConfiguration section */

/* Begin XCConfigurationList section */
		3327C7072A0BE3AE00472C69 /* Build configuration list for PBXProject "Arithmica" */ = {
			isa = XCConfigurationList;
			buildConfigurations = (
				3327C71E2A0BE3AF00472C69 /* Debug */,
				3327C71F2A0BE3AF00472C69 /* Release */,
			);
			defaultConfigurationIsVisible = 0;
			defaultConfigurationName = Release;
		};
		3327C7202A0BE3AF00472C69 /* Build configuration list for PBXNativeTarget "Arithmica" */ = {
			isa = XCConfigurationList;
			buildConfigurations = (
				3327C7212A0BE3AF00472C69 /* Debug */,
				3327C7222A0BE3AF00472C69 /* Release */,
			);
			defaultConfigurationIsVisible = 0;
			defaultConfigurationName = Release;
		};
/* End XCConfigurationList section */
	};
	rootObject = 3327C7042A0BE3AE00472C69 /* Project object */;
}
